
Microsoft Visual Studio Solution File, Format Version 12.00
# Visual Studio Version 16
VisualStudioVersion = 16.0.29123.88
MinimumVisualStudioVersion = 10.0.40219.1
Project("{FAE04EC0-301F-11D3-BF4B-00C04F79EFBC}") = "CmChoi_BugTracker", "CmChoi_BugTracker\CmChoi_BugTracker.csproj", "{BB968424-D98C-4498-8FD4-DEF98F56C366}"
EndProject
Global
	GlobalSection(SolutionConfigurationPlatforms) = preSolution
		Debug|Any CPU = Debug|Any CPU
		Release|Any CPU = Release|Any CPU
	EndGlobalSection
	GlobalSection(ProjectConfigurationPlatforms) = postSolution
		{BB968424-D98C-4498-8FD4-DEF98F56C366}.Debug|Any CPU.ActiveCfg = Debug|Any CPU
		{BB968424-D98C-4498-8FD4-DEF98F56C366}.Debug|Any CPU.Build.0 = Debug|Any CPU
		{BB968424-D98C-4498-8FD4-DEF98F56C366}.Release|Any CPU.ActiveCfg = Release|Any CPU
		{BB968424-D98C-4498-8FD4-DEF98F56C366}.Release|Any CPU.Build.0 = Release|Any CPU
	EndGlobalSection
	GlobalSection(SolutionProperties) = preSolution
		HideSolutionNode = FALSE
	EndGlobalSection
	GlobalSection(ExtensibilityGlobals) = postSolution
		SolutionGuid = {2673FF53-0DEC-41BF-B3AA-91963474505F}
	EndGlobalSection
EndGlobal
